
Microsoft Visual Studio Solution File, Format Version 12.00
# Visual Studio Version 18
VisualStudioVersion = 18.4.11620.152
MinimumVisualStudioVersion = 10.0.40219.1
Project("{FAE04EC0-301F-11D3-BF4B-00C04F79EFBC}") = "Devmaster.Internship.CSharp2608", "Devmaster.Internship.CSharp2608\Devmaster.Internship.CSharp2608.csproj", "{2FC98513-08FD-4026-B2E2-FBEC77290498}"
EndProject
Project("{FAE04EC0-301F-11D3-BF4B-00C04F79EFBC}") = "Ex01.OrderCalculator", "Ex01.OrderCalculator\Ex01.OrderCalculator.csproj", "{5BDBFE39-AE86-4949-8BED-CAFC4272E0CF}"
EndProject
Project("{FAE04EC0-301F-11D3-BF4B-00C04F79EFBC}") = "Ex02.ArrayProcessing", "Ex02.ArrayProcessing\Ex02.ArrayProcessing.csproj", "{006073DF-6859-4EE6-A05A-9D484C5F9F1B}"
EndProject
Project("{FAE04EC0-301F-11D3-BF4B-00C04F79EFBC}") = "Ex04.StudentManagement", "Ex04.StudentManagement\Ex04.StudentManagement.csproj", "{0011F040-54FB-4CF3-8944-9A4D6E672A1F}"
EndProject
Global
	GlobalSection(SolutionConfigurationPlatforms) = preSolution
		Debug|Any CPU = Debug|Any CPU
		Release|Any CPU = Release|Any CPU
	EndGlobalSection
	GlobalSection(ProjectConfigurationPlatforms) = postSolution
		{2FC98513-08FD-4026-B2E2-FBEC77290498}.Debug|Any CPU.ActiveCfg = Debug|Any CPU
		{2FC98513-08FD-4026-B2E2-FBEC77290498}.Debug|Any CPU.Build.0 = Debug|Any CPU
		{2FC98513-08FD-4026-B2E2-FBEC77290498}.Release|Any CPU.ActiveCfg = Release|Any CPU
		{2FC98513-08FD-4026-B2E2-FBEC77290498}.Release|Any CPU.Build.0 = Release|Any CPU
		{5BDBFE39-AE86-4949-8BED-CAFC4272E0CF}.Debug|Any CPU.ActiveCfg = Debug|Any CPU
		{5BDBFE39-AE86-4949-8BED-CAFC4272E0CF}.Debug|Any CPU.Build.0 = Debug|Any CPU
		{5BDBFE39-AE86-4949-8BED-CAFC4272E0CF}.Release|Any CPU.ActiveCfg = Release|Any CPU
		{5BDBFE39-AE86-4949-8BED-CAFC4272E0CF}.Release|Any CPU.Build.0 = Release|Any CPU
		{006073DF-6859-4EE6-A05A-9D484C5F9F1B}.Debug|Any CPU.ActiveCfg = Debug|Any CPU
		{006073DF-6859-4EE6-A05A-9D484C5F9F1B}.Debug|Any CPU.Build.0 = Debug|Any CPU
		{006073DF-6859-4EE6-A05A-9D484C5F9F1B}.Release|Any CPU.ActiveCfg = Release|Any CPU
		{006073DF-6859-4EE6-A05A-9D484C5F9F1B}.Release|Any CPU.Build.0 = Release|Any CPU
		{0011F040-54FB-4CF3-8944-9A4D6E672A1F}.Debug|Any CPU.ActiveCfg = Debug|Any CPU
		{0011F040-54FB-4CF3-8944-9A4D6E672A1F}.Debug|Any CPU.Build.0 = Debug|Any CPU
		{0011F040-54FB-4CF3-8944-9A4D6E672A1F}.Release|Any CPU.ActiveCfg = Release|Any CPU
		{0011F040-54FB-4CF3-8944-9A4D6E672A1F}.Release|Any CPU.Build.0 = Release|Any CPU
	EndGlobalSection
	GlobalSection(SolutionProperties) = preSolution
		HideSolutionNode = FALSE
	EndGlobalSection
	GlobalSection(ExtensibilityGlobals) = postSolution
		SolutionGuid = {8011DB05-3A93-4D2A-BC3A-0141786F1E1C}
	EndGlobalSection
EndGlobal
